{
    "name": "githook",
    "version": "1.0.0",
    "lockfileVersion": 1,
    "requires": true,
    "dependencies": {
        "ci-info": {
            "version": "1.6.0",
            "resolved": "http://mirrors-front.cai-inc.com/ci-info/-/ci-info-1.6.0.tgz",
            "integrity": "sha1-LKINu5zrMtRSSmgzAzE/AwSx5Jc=",
            "dev": true
        },
        "debug": {
            "version": "4.1.1",
            "resolved": "https://registry.npmjs.org/debug/-/debug-4.1.1.tgz",
            "integrity": "sha512-pYAIzeRo8J6KPEaJ0VWOh5Pzkbw/RetuzehGM7QRRX5he4fPHx2rdKMB256ehJCkX+XRQm16eZLqLNS8RSZXZw==",
            "dev": true,
            "requires": {
                "ms": "^2.1.1"
            }
        },
        "husky": {
            "version": "0.14.3",
            "resolved": "http://mirrors-front.cai-inc.com/husky/-/husky-0.14.3.tgz",
            "integrity": "sha1-xp7XTi0neXaaF7qDmbVM4LY8EsM=",
            "dev": true,
            "requires": {
                "is-ci": "^1.0.10",
                "normalize-path": "^1.0.0",
                "strip-indent": "^2.0.0"
            }
        },
        "is-ci": {
            "version": "1.2.1",
            "resolved": "http://mirrors-front.cai-inc.com/is-ci/-/is-ci-1.2.1.tgz",
            "integrity": "sha1-43ecjuF/zPQoSI9uKBGH8uYyhBw=",
            "dev": true,
            "requires": {
                "ci-info": "^1.5.0"
            }
        },
        "ms": {
            "version": "2.1.1",
            "resolved": "https://registry.npmjs.org/ms/-/ms-2.1.1.tgz",
            "integrity": "sha512-tgp+dl5cGk28utYktBsrFqA7HKgrhgPsg6Z/EfhWI4gl1Hwq8B/GmY/0oXZ6nF8hDVesS/FpnYaD/kOWhYQvyg==",
            "dev": true
        },
        "normalize-path": {
            "version": "1.0.0",
            "resolved": "http://mirrors-front.cai-inc.com/normalize-path/-/normalize-path-1.0.0.tgz",
            "integrity": "sha1-MtDkcvkf80VwHBWoMRAY07CpA3k=",
            "dev": true
        },
        "strip-indent": {
            "version": "2.0.0",
            "resolved": "http://mirrors-front.cai-inc.com/strip-indent/-/strip-indent-2.0.0.tgz",
            "integrity": "sha1-XvjbKV0B5u1sv3qrlpmNeCJSe2g=",
            "dev": true
        }
    }
}
